{
  "name": "robert",
  "version": "2.6.4",
  "lockfileVersion": 2,
  "requires": true,
  "packages": {
    "": {
      "name": "robert",
      "version": "2.6.4",
      "license": "ISC",
      "dependencies": {
        "robert-util": "^1.0.0"
      },
      "devDependencies": {
        "@types/node": "^15.12.5"
      }
    },
    "node_modules/@types/node": {
      "version": "15.12.5",
      "resolved": "https://registry.npmjs.org/@types/node/-/node-15.12.5.tgz",
      "integrity": "sha512-se3yX7UHv5Bscf8f1ERKvQOD6sTyycH3hdaoozvaLxgUiY5lIGEeH37AD0G0Qi9kPqihPn0HOfd2yaIEN9VwEg==",
      "dev": true
    },
    "node_modules/robert-util": {
      "version": "1.0.0",
      "resolved": "https://registry.npmjs.org/robert-util/-/robert-util-1.0.0.tgz",
      "integrity": "sha512-RDLBjCaQdbY1Rv6OBmEJqD5PzLo150/xwcqhJHpIb8mpfArY705Dw9VGfZNLsWQiZjq1H24/kKyFucpR2rQddA=="
    }
  },
  "dependencies": {
    "@types/node": {
      "version": "15.12.5",
      "resolved": "https://registry.npmjs.org/@types/node/-/node-15.12.5.tgz",
      "integrity": "sha512-se3yX7UHv5Bscf8f1ERKvQOD6sTyycH3hdaoozvaLxgUiY5lIGEeH37AD0G0Qi9kPqihPn0HOfd2yaIEN9VwEg==",
      "dev": true
    },
    "robert-util": {
      "version": "1.0.0",
      "resolved": "https://registry.npmjs.org/robert-util/-/robert-util-1.0.0.tgz",
      "integrity": "sha512-RDLBjCaQdbY1Rv6OBmEJqD5PzLo150/xwcqhJHpIb8mpfArY705Dw9VGfZNLsWQiZjq1H24/kKyFucpR2rQddA=="
    }
  }
}
