{
  "name": "robert-server",
  "version": "1.0.0",
  "lockfileVersion": 2,
  "requires": true,
  "packages": {
    "": {
      "name": "robert-server",
      "version": "1.0.0",
      "license": "ISC",
      "dependencies": {
        "robert-util": "^1.0.0"
      },
      "devDependencies": {
        "@types/node": "^17.0.5"
      }
    },
    "node_modules/@types/node": {
      "version": "17.0.5",
      "resolved": "https://registry.npmjs.org/@types/node/-/node-17.0.5.tgz",
      "integrity": "sha512-w3mrvNXLeDYV1GKTZorGJQivK6XLCoGwpnyJFbJVK/aTBQUxOCaa/GlFAAN3OTDFcb7h5tiFG+YXCO2By+riZw==",
      "dev": true
    },
    "node_modules/robert-util": {
      "version": "1.0.0",
      "resolved": "https://registry.npmjs.org/robert-util/-/robert-util-1.0.0.tgz",
      "integrity": "sha512-RDLBjCaQdbY1Rv6OBmEJqD5PzLo150/xwcqhJHpIb8mpfArY705Dw9VGfZNLsWQiZjq1H24/kKyFucpR2rQddA=="
    }
  },
  "dependencies": {
    "@types/node": {
      "version": "17.0.5",
      "resolved": "https://registry.npmjs.org/@types/node/-/node-17.0.5.tgz",
      "integrity": "sha512-w3mrvNXLeDYV1GKTZorGJQivK6XLCoGwpnyJFbJVK/aTBQUxOCaa/GlFAAN3OTDFcb7h5tiFG+YXCO2By+riZw==",
      "dev": true
    },
    "robert-util": {
      "version": "1.0.0",
      "resolved": "https://registry.npmjs.org/robert-util/-/robert-util-1.0.0.tgz",
      "integrity": "sha512-RDLBjCaQdbY1Rv6OBmEJqD5PzLo150/xwcqhJHpIb8mpfArY705Dw9VGfZNLsWQiZjq1H24/kKyFucpR2rQddA=="
    }
  }
}
